
Microsoft Visual Studio Solution File, Format Version 12.00
# Visual Studio Version 17
VisualStudioVersion = 17.11.35431.28
MinimumVisualStudioVersion = 10.0.40219.1
Project("{FAE04EC0-301F-11D3-BF4B-00C04F79EFBC}") = "IfElseAssignment", "IfElseAssignment\IfElseAssignment.csproj", "{5A6DC13A-FD36-4434-A15B-D2224A2EF8A7}"
EndProject
Global
	GlobalSection(SolutionConfigurationPlatforms) = preSolution
		Debug|Any CPU = Debug|Any CPU
		Release|Any CPU = Release|Any CPU
	EndGlobalSection
	GlobalSection(ProjectConfigurationPlatforms) = postSolution
		{5A6DC13A-FD36-4434-A15B-D2224A2EF8A7}.Debug|Any CPU.ActiveCfg = Debug|Any CPU
		{5A6DC13A-FD36-4434-A15B-D2224A2EF8A7}.Debug|Any CPU.Build.0 = Debug|Any CPU
		{5A6DC13A-FD36-4434-A15B-D2224A2EF8A7}.Release|Any CPU.ActiveCfg = Release|Any CPU
		{5A6DC13A-FD36-4434-A15B-D2224A2EF8A7}.Release|Any CPU.Build.0 = Release|Any CPU
	EndGlobalSection
	GlobalSection(SolutionProperties) = preSolution
		HideSolutionNode = FALSE
	EndGlobalSection
	GlobalSection(ExtensibilityGlobals) = postSolution
		SolutionGuid = {3632B47C-735D-4993-BF0E-636C9AF0165C}
	EndGlobalSection
EndGlobal
